// !$*UTF8*$!
{
	archiveVersion = 1;
	classes = {
	};
	objectVersion = 56;
	objects = {

/* Begin PBXBuildFile section */
		00A000000000000000000001 /* MagicNumberApp.swift in Sources */ = {isa = PBXBuildFile; fileRef = 00B000000000000000000001 /* MagicNumberApp.swift */; };
		00A000000000000000000002 /* AppMode.swift in Sources */ = {isa = PBXBuildFile; fileRef = 00B000000000000000000002 /* AppMode.swift */; };
		00A000000000000000000003 /* SendNumberResponse.swift in Sources */ = {isa = PBXBuildFile; fileRef = 00B000000000000000000003 /* SendNumberResponse.swift */; };
		00A000000000000000000004 /* AppSettings.swift in Sources */ = {isa = PBXBuildFile; fileRef = 00B000000000000000000004 /* AppSettings.swift */; };
		00A000000000000000000005 /* Haptics.swift in Sources */ = {isa = PBXBuildFile; fileRef = 00B000000000000000000005 /* Haptics.swift */; };
		00A000000000000000000006 /* SMSService.swift in Sources */ = {isa = PBXBuildFile; fileRef = 00B000000000000000000006 /* SMSService.swift */; };
		00A000000000000000000007 /* VolumeButtonObserver.swift in Sources */ = {isa = PBXBuildFile; fileRef = 00B000000000000000000007 /* VolumeButtonObserver.swift */; };
		00A000000000000000000008 /* MagicNumberViewModel.swift in Sources */ = {isa = PBXBuildFile; fileRef = 00B000000000000000000008 /* MagicNumberViewModel.swift */; };
		00A000000000000000000009 /* ContentView.swift in Sources */ = {isa = PBXBuildFile; fileRef = 00B000000000000000000009 /* ContentView.swift */; };
		00A00000000000000000000A /* PracticeModeView.swift in Sources */ = {isa = PBXBuildFile; fileRef = 00B00000000000000000000A /* PracticeModeView.swift */; };
		00A00000000000000000000B /* StealthModeView.swift in Sources */ = {isa = PBXBuildFile; fileRef = 00B00000000000000000000B /* StealthModeView.swift */; };
		00A00000000000000000000C /* SettingsView.swift in Sources */ = {isa = PBXBuildFile; fileRef = 00B00000000000000000000C /* SettingsView.swift */; };
		00A00000000000000000000D /* Assets.xcassets in Resources */ = {isa = PBXBuildFile; fileRef = 00B00000000000000000000E /* Assets.xcassets */; };
		00A00000000000000000000E /* Preview Assets.xcassets in Resources */ = {isa = PBXBuildFile; fileRef = 00B000000000000000000011 /* Preview Assets.xcassets */; };
		DC0C633E30323E50008E3C16 /* GetMagicNumberIntent.swift in Sources */ = {isa = PBXBuildFile; fileRef = DC0C633D30323E50008E3C16 /* GetMagicNumberIntent.swift */; };
		DC0C634030323FD7008E3C16 /* MagicNumberStore.swift in Sources */ = {isa = PBXBuildFile; fileRef = DC0C633F30323FD7008E3C16 /* MagicNumberStore.swift */; };
/* End PBXBuildFile section */

/* Begin PBXFileReference section */
		00B000000000000000000000 /* MagicNumber.app */ = {isa = PBXFileReference; explicitFileType = wrapper.application; includeInIndex = 0; path = MagicNumber.app; sourceTree = BUILT_PRODUCTS_DIR; };
		00B000000000000000000001 /* MagicNumberApp.swift */ = {isa = PBXFileReference; lastKnownFileType = sourcecode.swift; path = MagicNumberApp.swift; sourceTree = "<group>"; };
		00B000000000000000000002 /* AppMode.swift */ = {isa = PBXFileReference; lastKnownFileType = sourcecode.swift; path = AppMode.swift; sourceTree = "<group>"; };
		00B000000000000000000003 /* SendNumberResponse.swift */ = {isa = PBXFileReference; lastKnownFileType = sourcecode.swift; path = SendNumberResponse.swift; sourceTree = "<group>"; };
		00B000000000000000000004 /* AppSettings.swift */ = {isa = PBXFileReference; lastKnownFileType = sourcecode.swift; path = AppSettings.swift; sourceTree = "<group>"; };
		00B000000000000000000005 /* Haptics.swift */ = {isa = PBXFileReference; lastKnownFileType = sourcecode.swift; path = Haptics.swift; sourceTree = "<group>"; };
		00B000000000000000000006 /* SMSService.swift */ = {isa = PBXFileReference; lastKnownFileType = sourcecode.swift; path = SMSService.swift; sourceTree = "<group>"; };
		00B000000000000000000007 /* VolumeButtonObserver.swift */ = {isa = PBXFileReference; lastKnownFileType = sourcecode.swift; path = VolumeButtonObserver.swift; sourceTree = "<group>"; };
		00B000000000000000000008 /* MagicNumberViewModel.swift */ = {isa = PBXFileReference; lastKnownFileType = sourcecode.swift; path = MagicNumberViewModel.swift; sourceTree = "<group>"; };
		00B000000000000000000009 /* ContentView.swift */ = {isa = PBXFileReference; lastKnownFileType = sourcecode.swift; path = ContentView.swift; sourceTree = "<group>"; };
		00B00000000000000000000A /* PracticeModeView.swift */ = {isa = PBXFileReference; lastKnownFileType = sourcecode.swift; path = PracticeModeView.swift; sourceTree = "<group>"; };
		00B00000000000000000000B /* StealthModeView.swift */ = {isa = PBXFileReference; lastKnownFileType = sourcecode.swift; path = StealthModeView.swift; sourceTree = "<group>"; };
		00B00000000000000000000C /* SettingsView.swift */ = {isa = PBXFileReference; lastKnownFileType = sourcecode.swift; path = SettingsView.swift; sourceTree = "<group>"; };
		00B00000000000000000000D /* Info.plist */ = {isa = PBXFileReference; lastKnownFileType = text.plist.xml; path = Info.plist; sourceTree = "<group>"; };
		00B00000000000000000000E /* Assets.xcassets */ = {isa = PBXFileReference; lastKnownFileType = folder.assetcatalog; path = Assets.xcassets; sourceTree = "<group>"; };
		00B000000000000000000011 /* Preview Assets.xcassets */ = {isa = PBXFileReference; lastKnownFileType = folder.assetcatalog; path = "Preview Assets.xcassets"; sourceTree = "<group>"; };
		DC0C633C30323E43008E3C16 /* MagicNumberStore.swift */ = {isa = PBXFileReference; lastKnownFileType = sourcecode.swift; path = MagicNumberStore.swift; sourceTree = "<group>"; };
		DC0C633D30323E50008E3C16 /* GetMagicNumberIntent.swift */ = {isa = PBXFileReference; lastKnownFileType = sourcecode.swift; path = GetMagicNumberIntent.swift; sourceTree = "<group>"; };
		DC0C633F30323FD7008E3C16 /* MagicNumberStore.swift */ = {isa = PBXFileReference; lastKnownFileType = sourcecode.swift; path = MagicNumberStore.swift; sourceTree = "<group>"; };
/* End PBXFileReference section */

/* Begin PBXFrameworksBuildPhase section */
		00C000000000000000000001 /* Frameworks */ = {
			isa = PBXFrameworksBuildPhase;
			buildActionMask = 2147483647;
			files = (
			);
			runOnlyForDeploymentPostprocessing = 0;
		};
/* End PBXFrameworksBuildPhase section */

/* Begin PBXGroup section */
		00D000000000000000000001 = {
			isa = PBXGroup;
			children = (
				00D000000000000000000002 /* MagicNumber */,
				00D00000000000000000000A /* Products */,
				DC0C633C30323E43008E3C16 /* MagicNumberStore.swift */,
			);
			sourceTree = "<group>";
		};
		00D000000000000000000002 /* MagicNumber */ = {
			isa = PBXGroup;
			children = (
				00D000000000000000000003 /* App */,
				00D000000000000000000004 /* Views */,
				00D000000000000000000005 /* ViewModels */,
				00D000000000000000000006 /* Services */,
				00D000000000000000000007 /* Models */,
				00D000000000000000000008 /* Utilities */,
				00B00000000000000000000E /* Assets.xcassets */,
				00D000000000000000000009 /* Preview Content */,
				00B00000000000000000000D /* Info.plist */,
			);
			path = MagicNumber;
			sourceTree = "<group>";
		};
		00D000000000000000000003 /* App */ = {
			isa = PBXGroup;
			children = (
				00B000000000000000000001 /* MagicNumberApp.swift */,
			);
			path = App;
			sourceTree = "<group>";
		};
		00D000000000000000000004 /* Views */ = {
			isa = PBXGroup;
			children = (
				00B000000000000000000009 /* ContentView.swift */,
				00B00000000000000000000A /* PracticeModeView.swift */,
				00B00000000000000000000B /* StealthModeView.swift */,
				00B00000000000000000000C /* SettingsView.swift */,
				DC0C633F30323FD7008E3C16 /* MagicNumberStore.swift */,
			);
			path = Views;
			sourceTree = "<group>";
		};
		00D000000000000000000005 /* ViewModels */ = {
			isa = PBXGroup;
			children = (
				00B000000000000000000008 /* MagicNumberViewModel.swift */,
			);
			path = ViewModels;
			sourceTree = "<group>";
		};
		00D000000000000000000006 /* Services */ = {
			isa = PBXGroup;
			children = (
				00B000000000000000000006 /* SMSService.swift */,
				00B000000000000000000007 /* VolumeButtonObserver.swift */,
			);
			path = Services;
			sourceTree = "<group>";
		};
		00D000000000000000000007 /* Models */ = {
			isa = PBXGroup;
			children = (
				00B000000000000000000002 /* AppMode.swift */,
				00B000000000000000000003 /* SendNumberResponse.swift */,
			);
			path = Models;
			sourceTree = "<group>";
		};
		00D000000000000000000008 /* Utilities */ = {
			isa = PBXGroup;
			children = (
				00B000000000000000000004 /* AppSettings.swift */,
				00B000000000000000000005 /* Haptics.swift */,
				DC0C633D30323E50008E3C16 /* GetMagicNumberIntent.swift */,
			);
			path = Utilities;
			sourceTree = "<group>";
		};
		00D000000000000000000009 /* Preview Content */ = {
			isa = PBXGroup;
			children = (
				00B000000000000000000011 /* Preview Assets.xcassets */,
			);
			path = "Preview Content";
			sourceTree = "<group>";
		};
		00D00000000000000000000A /* Products */ = {
			isa = PBXGroup;
			children = (
				00B000000000000000000000 /* MagicNumber.app */,
			);
			name = Products;
			sourceTree = "<group>";
		};
/* End PBXGroup section */

/* Begin PBXNativeTarget section */
		00E000000000000000000001 /* MagicNumber */ = {
			isa = PBXNativeTarget;
			buildConfigurationList = 00F000000000000000000002 /* Build configuration list for PBXNativeTarget "MagicNumber" */;
			buildPhases = (
				00C000000000000000000002 /* Sources */,
				00C000000000000000000001 /* Frameworks */,
				00C000000000000000000003 /* Resources */,
			);
			buildRules = (
			);
			dependencies = (
			);
			name = MagicNumber;
			productName = MagicNumber;
			productReference = 00B000000000000000000000 /* MagicNumber.app */;
			productType = "com.apple.product-type.application";
		};
/* End PBXNativeTarget section */

/* Begin PBXProject section */
		00E000000000000000000002 /* Project object */ = {
			isa = PBXProject;
			attributes = {
				BuildIndependentTargetsInParallel = 1;
				LastSwiftUpdateCheck = 1600;
				LastUpgradeCheck = 1600;
				TargetAttributes = {
					00E000000000000000000001 = {
						CreatedOnToolsVersion = 16.0;
					};
				};
			};
			buildConfigurationList = 00F000000000000000000001 /* Build configuration list for PBXProject "MagicNumber" */;
			compatibilityVersion = "Xcode 14.0";
			developmentRegion = en;
			hasScannedForEncodings = 0;
			knownRegions = (
				en,
				Base,
			);
			mainGroup = 00D000000000000000000001;
			productRefGroup = 00D00000000000000000000A /* Products */;
			projectDirPath = "";
			projectRoot = "";
			targets = (
				00E000000000000000000001 /* MagicNumber */,
			);
		};
/* End PBXProject section */

/* Begin PBXResourcesBuildPhase section */
		00C000000000000000000003 /* Resources */ = {
			isa = PBXResourcesBuildPhase;
			buildActionMask = 2147483647;
			files = (
				00A00000000000000000000D /* Assets.xcassets in Resources */,
				00A00000000000000000000E /* Preview Assets.xcassets in Resources */,
			);
			runOnlyForDeploymentPostprocessing = 0;
		};
/* End PBXResourcesBuildPhase section */

/* Begin PBXSourcesBuildPhase section */
		00C000000000000000000002 /* Sources */ = {
			isa = PBXSourcesBuildPhase;
			buildActionMask = 2147483647;
			files = (
				00A000000000000000000001 /* MagicNumberApp.swift in Sources */,
				00A000000000000000000002 /* AppMode.swift in Sources */,
				00A000000000000000000003 /* SendNumberResponse.swift in Sources */,
				00A000000000000000000004 /* AppSettings.swift in Sources */,
				00A000000000000000000005 /* Haptics.swift in Sources */,
				00A000000000000000000006 /* SMSService.swift in Sources */,
				00A000000000000000000007 /* VolumeButtonObserver.swift in Sources */,
				00A000000000000000000008 /* MagicNumberViewModel.swift in Sources */,
				00A000000000000000000009 /* ContentView.swift in Sources */,
				DC0C633E30323E50008E3C16 /* GetMagicNumberIntent.swift in Sources */,
				00A00000000000000000000A /* PracticeModeView.swift in Sources */,
				00A00000000000000000000B /* StealthModeView.swift in Sources */,
				DC0C634030323FD7008E3C16 /* MagicNumberStore.swift in Sources */,
				00A00000000000000000000C /* SettingsView.swift in Sources */,
			);
			runOnlyForDeploymentPostprocessing = 0;
		};
/* End PBXSourcesBuildPhase section */

/* Begin XCBuildConfiguration section */
		00F000000000000000000003 /* Debug */ = {
			isa = XCBuildConfiguration;
			buildSettings = {
				ALWAYS_SEARCH_USER_PATHS = NO;
				CLANG_ANALYZER_NONNULL = YES;
				CLANG_ANALYZER_NUMBER_OBJECT_CONVERSION = YES_AGGRESSIVE;
				CLANG_CXX_LANGUAGE_STANDARD = "gnu++20";
				CLANG_ENABLE_MODULES = YES;
				CLANG_ENABLE_OBJC_ARC = YES;
				CLANG_ENABLE_OBJC_WEAK = YES;
				CLANG_WARN_BLOCK_CAPTURE_AUTORELEASING = YES;
				CLANG_WARN_BOOL_CONVERSION = YES;
				CLANG_WARN_COMMA = YES;
				CLANG_WARN_CONSTANT_CONVERSION = YES;
				CLANG_WARN_DEPRECATED_OBJC_IMPLEMENTATIONS = YES;
				CLANG_WARN_DIRECT_OBJC_ISA_USAGE = YES_ERROR;
				CLANG_WARN_DOCUMENTATION_COMMENTS = YES;
				CLANG_WARN_EMPTY_BODY = YES;
				CLANG_WARN_ENUM_CONVERSION = YES;
				CLANG_WARN_INFINITE_RECURSION = YES;
				CLANG_WARN_INT_CONVERSION = YES;
				CLANG_WARN_NON_LITERAL_NULL_CONVERSION = YES;
				CLANG_WARN_OBJC_IMPLICIT_RETAIN_SELF = YES;
				CLANG_WARN_OBJC_LITERAL_CONVERSION = YES;
				CLANG_WARN_OBJC_ROOT_CLASS = YES_ERROR;
				CLANG_WARN_QUOTED_INCLUDE_IN_FRAMEWORK_HEADER = YES;
				CLANG_WARN_RANGE_LOOP_ANALYSIS = YES;
				CLANG_WARN_STRICT_PROTOTYPES = YES;
				CLANG_WARN_SUSPICIOUS_MOVE = YES;
				CLANG_WARN_UNGUARDED_AVAILABILITY = YES_AGGRESSIVE;
				CLANG_WARN_UNREACHABLE_CODE = YES;
				CLANG_WARN__DUPLICATE_METHOD_MATCH = YES;
				COPY_PHASE_STRIP = NO;
				DEBUG_INFORMATION_FORMAT = dwarf;
				ENABLE_STRICT_OBJC_MSGSEND = YES;
				ENABLE_TESTABILITY = YES;
				ENABLE_USER_SCRIPT_SANDBOXING = YES;
				GCC_C_LANGUAGE_STANDARD = gnu17;
				GCC_DYNAMIC_NO_PIC = NO;
				GCC_NO_COMMON_BLOCKS = YES;
				GCC_OPTIMIZATION_LEVEL = 0;
				GCC_PREPROCESSOR_DEFINITIONS = (
					"DEBUG=1",
					"$(inherited)",
				);
				GCC_WARN_64_TO_32_BIT_CONVERSION = YES;
				GCC_WARN_ABOUT_RETURN_TYPE = YES_ERROR;
				GCC_WARN_UNDECLARED_SELECTOR = YES;
				GCC_WARN_UNINITIALIZED_AUTOS = YES_AGGRESSIVE;
				GCC_WARN_UNUSED_FUNCTION = YES;
				GCC_WARN_UNUSED_VARIABLE = YES;
				IPHONEOS_DEPLOYMENT_TARGET = 17.0;
				MTL_ENABLE_DEBUG_INFO = INCLUDE_SOURCE;
				MTL_FAST_MATH = YES;
				ONLY_ACTIVE_ARCH = YES;
				SDKROOT = iphoneos;
				SWIFT_ACTIVE_COMPILATION_CONDITIONS = DEBUG;
				SWIFT_OPTIMIZATION_LEVEL = "-Onone";
			};
			name = Debug;
		};
		00F000000000000000000004 /* Release */ = {
			isa = XCBuildConfiguration;
			buildSettings = {
				ALWAYS_SEARCH_USER_PATHS = NO;
				CLANG_ANALYZER_NONNULL = YES;
				CLANG_ANALYZER_NUMBER_OBJECT_CONVERSION = YES_AGGRESSIVE;
				CLANG_CXX_LANGUAGE_STANDARD = "gnu++20";
				CLANG_ENABLE_MODULES = YES;
				CLANG_ENABLE_OBJC_ARC = YES;
				CLANG_ENABLE_OBJC_WEAK = YES;
				CLANG_WARN_BLOCK_CAPTURE_AUTORELEASING = YES;
				CLANG_WARN_BOOL_CONVERSION = YES;
				CLANG_WARN_COMMA = YES;
				CLANG_WARN_CONSTANT_CONVERSION = YES;
				CLANG_WARN_DEPRECATED_OBJC_IMPLEMENTATIONS = YES;
				CLANG_WARN_DIRECT_OBJC_ISA_USAGE = YES_ERROR;
				CLANG_WARN_DOCUMENTATION_COMMENTS = YES;
				CLANG_WARN_EMPTY_BODY = YES;
				CLANG_WARN_ENUM_CONVERSION = YES;
				CLANG_WARN_INFINITE_RECURSION = YES;
				CLANG_WARN_INT_CONVERSION = YES;
				CLANG_WARN_NON_LITERAL_NULL_CONVERSION = YES;
				CLANG_WARN_OBJC_IMPLICIT_RETAIN_SELF = YES;
				CLANG_WARN_OBJC_LITERAL_CONVERSION = YES;
				CLANG_WARN_OBJC_ROOT_CLASS = YES_ERROR;
				CLANG_WARN_QUOTED_INCLUDE_IN_FRAMEWORK_HEADER = YES;
				CLANG_WARN_RANGE_LOOP_ANALYSIS = YES;
				CLANG_WARN_STRICT_PROTOTYPES = YES;
				CLANG_WARN_SUSPICIOUS_MOVE = YES;
				CLANG_WARN_UNGUARDED_AVAILABILITY = YES_AGGRESSIVE;
				CLANG_WARN_UNREACHABLE_CODE = YES;
				CLANG_WARN__DUPLICATE_METHOD_MATCH = YES;
				COPY_PHASE_STRIP = NO;
				DEBUG_INFORMATION_FORMAT = "dwarf-with-dsym";
				ENABLE_NS_ASSERTIONS = NO;
				ENABLE_STRICT_OBJC_MSGSEND = YES;
				ENABLE_USER_SCRIPT_SANDBOXING = YES;
				GCC_C_LANGUAGE_STANDARD = gnu17;
				GCC_NO_COMMON_BLOCKS = YES;
				GCC_WARN_64_TO_32_BIT_CONVERSION = YES;
				GCC_WARN_ABOUT_RETURN_TYPE = YES_ERROR;
				GCC_WARN_UNDECLARED_SELECTOR = YES;
				GCC_WARN_UNINITIALIZED_AUTOS = YES_AGGRESSIVE;
				GCC_WARN_UNUSED_FUNCTION = YES;
				GCC_WARN_UNUSED_VARIABLE = YES;
				IPHONEOS_DEPLOYMENT_TARGET = 17.0;
				MTL_ENABLE_DEBUG_INFO = NO;
				MTL_FAST_MATH = YES;
				SDKROOT = iphoneos;
				SWIFT_COMPILATION_MODE = wholemodule;
				SWIFT_OPTIMIZATION_LEVEL = "-O";
				VALIDATE_PRODUCT = YES;
			};
			name = Release;
		};
		00F000000000000000000005 /* Debug */ = {
			isa = XCBuildConfiguration;
			buildSettings = {
				ASSETCATALOG_COMPILER_APPICON_NAME = AppIcon;
				ASSETCATALOG_COMPILER_GLOBAL_ACCENT_COLOR_NAME = AccentColor;
				CODE_SIGN_STYLE = Automatic;
				CURRENT_PROJECT_VERSION = 1;
				DEVELOPMENT_ASSET_PATHS = "\"MagicNumber/Preview Content\"";
				DEVELOPMENT_TEAM = LQWJL3L82D;
				GENERATE_INFOPLIST_FILE = YES;
				INFOPLIST_FILE = MagicNumber/Info.plist;
				LD_RUNPATH_SEARCH_PATHS = (
					"$(inherited)",
					"@executable_path/Frameworks",
				);
				MARKETING_VERSION = 1.0;
				PRODUCT_BUNDLE_IDENTIFIER = com.adamomarbasha.MagicNumber;
				PRODUCT_NAME = "$(TARGET_NAME)";
				SUPPORTED_PLATFORMS = "iphoneos iphonesimulator";
				SUPPORTS_MACCATALYST = NO;
				SUPPORTS_MAC_DESIGNED_FOR_IPHONE_IPAD = NO;
				SWIFT_EMIT_LOC_STRINGS = YES;
				SWIFT_VERSION = 5.0;
				TARGETED_DEVICE_FAMILY = 1;
			};
			name = Debug;
		};
		00F000000000000000000006 /* Release */ = {
			isa = XCBuildConfiguration;
			buildSettings = {
				ASSETCATALOG_COMPILER_APPICON_NAME = AppIcon;
				ASSETCATALOG_COMPILER_GLOBAL_ACCENT_COLOR_NAME = AccentColor;
				CODE_SIGN_STYLE = Automatic;
				CURRENT_PROJECT_VERSION = 1;
				DEVELOPMENT_ASSET_PATHS = "\"MagicNumber/Preview Content\"";
				DEVELOPMENT_TEAM = LQWJL3L82D;
				GENERATE_INFOPLIST_FILE = YES;
				INFOPLIST_FILE = MagicNumber/Info.plist;
				LD_RUNPATH_SEARCH_PATHS = (
					"$(inherited)",
					"@executable_path/Frameworks",
				);
				MARKETING_VERSION = 1.0;
				PRODUCT_BUNDLE_IDENTIFIER = com.adamomarbasha.MagicNumber;
				PRODUCT_NAME = "$(TARGET_NAME)";
				SUPPORTED_PLATFORMS = "iphoneos iphonesimulator";
				SUPPORTS_MACCATALYST = NO;
				SUPPORTS_MAC_DESIGNED_FOR_IPHONE_IPAD = NO;
				SWIFT_EMIT_LOC_STRINGS = YES;
				SWIFT_VERSION = 5.0;
				TARGETED_DEVICE_FAMILY = 1;
			};
			name = Release;
		};
/* End XCBuildConfiguration section */

/* Begin XCConfigurationList section */
		00F000000000000000000001 /* Build configuration list for PBXProject "MagicNumber" */ = {
			isa = XCConfigurationList;
			buildConfigurations = (
				00F000000000000000000003 /* Debug */,
				00F000000000000000000004 /* Release */,
			);
			defaultConfigurationIsVisible = 0;
			defaultConfigurationName = Release;
		};
		00F000000000000000000002 /* Build configuration list for PBXNativeTarget "MagicNumber" */ = {
			isa = XCConfigurationList;
			buildConfigurations = (
				00F000000000000000000005 /* Debug */,
				00F000000000000000000006 /* Release */,
			);
			defaultConfigurationIsVisible = 0;
			defaultConfigurationName = Release;
		};
/* End XCConfigurationList section */
	};
	rootObject = 00E000000000000000000002 /* Project object */;
}
